{
  "name": "turtle-language-server-wrapper",
  "version": "3.5.0",
  "lockfileVersion": 3,
  "requires": true,
  "packages": {
    "": {
      "name": "turtle-language-server-wrapper",
      "version": "3.5.0",
      "dependencies": {
        "turtle-language-server": "3.5.0"
      }
    },
    "node_modules/chevrotain": {
      "version": "4.7.0",
      "resolved": "https://registry.npmjs.org/chevrotain/-/chevrotain-4.7.0.tgz",
      "integrity": "sha512-FmXTi1hMN/6TT9NlrYP1kHHW6P7qpVzQD2vGrbsfI7wbFXXg2ANpIaN3pHPnVx/ZPHOnConE0TmyP6rguyzkZQ==",
      "license": "Apache-2.0",
      "dependencies": {
        "regexp-to-ast": "0.4.0"
      }
    },
    "node_modules/class-autobind-decorator": {
      "version": "3.0.1",
      "resolved": "https://registry.npmjs.org/class-autobind-decorator/-/class-autobind-decorator-3.0.1.tgz",
      "integrity": "sha512-/5QCUe6KYGIMDDFEI/UrVc3egWVTVhuK00ppY/8sS/9f0KapY5Y2TirBbM1qICRq0p0WafuTaMfEGL2GKHcN0Q==",
      "license": "MIT"
    },
    "node_modules/escape-string-regexp": {
      "version": "2.0.0",
      "resolved": "https://registry.npmjs.org/escape-string-regexp/-/escape-string-regexp-2.0.0.tgz",
      "integrity": "sha512-UpzcLCXolUWcNu5HtVMHYdXJjArjsF9C0aNnquZYY4uW/Vu0miy5YoWvbV345HauVvcAUnpRuhMMcqTcGOY2+w==",
      "license": "MIT",
      "engines": {
        "node": ">=8"
      }
    },
    "node_modules/lodash.isequal": {
      "version": "4.5.0",
      "resolved": "https://registry.npmjs.org/lodash.isequal/-/lodash.isequal-4.5.0.tgz",
      "integrity": "sha512-pDo3lu8Jhfjqls6GkMgpahsF9kCyayhgykjyLMNFTKWrpVdAQtYyB4muAMWozBB4ig/dtWAmsMxLEI8wuz+DYQ==",
      "deprecated": "This package is deprecated. Use require('node:util').isDeepStrictEqual instead.",
      "license": "MIT"
    },
    "node_modules/lodash.uniqby": {
      "version": "4.7.0",
      "resolved": "https://registry.npmjs.org/lodash.uniqby/-/lodash.uniqby-4.7.0.tgz",
      "integrity": "sha512-e/zcLx6CSbmaEgFHCA7BnoQKyCtKMxnuWrJygbwPs/AIn+IMKl66L8/s+wBUn5LRw2pZx3bUHibiV1b6aTWIww==",
      "license": "MIT"
    },
    "node_modules/millan": {
      "version": "5.4.0",
      "resolved": "https://registry.npmjs.org/millan/-/millan-5.4.0.tgz",
      "integrity": "sha512-pTUCSqAtLSKiC4grRFOTPss3hBv+kJHy8s8LlTiVWtlHopAZVGyDXQaguYYPG2+BZaPMes5DjpgYEer8ozaDNw==",
      "license": "Apache-2.0",
      "dependencies": {
        "chevrotain": "4.7.0",
        "escape-string-regexp": "^2.0.0",
        "lodash.isequal": "^4.5.0"
      },
      "engines": {
        "node": ">=8.0.0"
      }
    },
    "node_modules/regexp-to-ast": {
      "version": "0.4.0",
      "resolved": "https://registry.npmjs.org/regexp-to-ast/-/regexp-to-ast-0.4.0.tgz",
      "integrity": "sha512-4qf/7IsIKfSNHQXSwial1IFmfM1Cc/whNBQqRwe0V2stPe7KmN1U0tWQiIx6JiirgSrisjE0eECdNf7Tav1Ntw==",
      "license": "MIT"
    },
    "node_modules/stardog-language-utils": {
      "version": "1.15.0",
      "resolved": "https://registry.npmjs.org/stardog-language-utils/-/stardog-language-utils-1.15.0.tgz",
      "integrity": "sha512-tV4Zur+nsgWdAXgwWd5yrH56W2TzZdqVVJ9QZrMyTcJNkHQZ13ctjvCURHF/QLARuRCd7jXvJSwbyqPtRWwggw==",
      "license": "Apache-2.0",
      "dependencies": {
        "chevrotain": "4.7.0",
        "escape-string-regexp": "^1.0.5",
        "lodash.uniqby": "^4.7.0",
        "millan": "^5.3.0",
        "vscode-languageserver": "^5.2.1"
      },
      "engines": {
        "node": ">=8.0.0"
      }
    },
    "node_modules/stardog-language-utils/node_modules/escape-string-regexp": {
      "version": "1.0.5",
      "resolved": "https://registry.npmjs.org/escape-string-regexp/-/escape-string-regexp-1.0.5.tgz",
      "integrity": "sha512-vbRorB5FUQWvla16U8R/qgaFIya2qGzwDrNmCZuYKrbdSUMG6I1ZCGQRefkRVhuOkIGVne7BQ35DSfo1qvJqFg==",
      "license": "MIT",
      "engines": {
        "node": ">=0.8.0"
      }
    },
    "node_modules/turtle-language-server": {
      "version": "3.5.0",
      "resolved": "https://registry.npmjs.org/turtle-language-server/-/turtle-language-server-3.5.0.tgz",
      "integrity": "sha512-OSiqbMsvHTFJNC+y37cYwEtmv6aaqgGD/hj3ufsynIRRyj9RBOtS9DHq6eKPnWOqVbzN8vzqUOa1B/fIJ6g6ag==",
      "license": "Apache-2.0",
      "dependencies": {
        "class-autobind-decorator": "^3.0.1",
        "millan": "^5.3.0",
        "stardog-language-utils": "^1.14.0",
        "vscode-languageserver": "^5.2.1"
      },
      "bin": {
        "turtle-language-server": "dist/cli.js"
      },
      "engines": {
        "node": ">=8.0.0"
      }
    },
    "node_modules/vscode-jsonrpc": {
      "version": "4.0.0",
      "resolved": "https://registry.npmjs.org/vscode-jsonrpc/-/vscode-jsonrpc-4.0.0.tgz",
      "integrity": "sha512-perEnXQdQOJMTDFNv+UF3h1Y0z4iSiaN9jIlb0OqIYgosPCZGYh/MCUlkFtV2668PL69lRDO32hmvL2yiidUYg==",
      "license": "MIT",
      "engines": {
        "node": ">=8.0.0 || >=10.0.0"
      }
    },
    "node_modules/vscode-languageserver": {
      "version": "5.2.1",
      "resolved": "https://registry.npmjs.org/vscode-languageserver/-/vscode-languageserver-5.2.1.tgz",
      "integrity": "sha512-GuayqdKZqAwwaCUjDvMTAVRPJOp/SLON3mJ07eGsx/Iq9HjRymhKWztX41rISqDKhHVVyFM+IywICyZDla6U3A==",
      "license": "MIT",
      "dependencies": {
        "vscode-languageserver-protocol": "3.14.1",
        "vscode-uri": "^1.0.6"
      },
      "bin": {
        "installServerIntoExtension": "bin/installServerIntoExtension"
      }
    },
    "node_modules/vscode-languageserver-protocol": {
      "version": "3.14.1",
      "resolved": "https://registry.npmjs.org/vscode-languageserver-protocol/-/vscode-languageserver-protocol-3.14.1.tgz",
      "integrity": "sha512-IL66BLb2g20uIKog5Y2dQ0IiigW0XKrvmWiOvc0yXw80z3tMEzEnHjaGAb3ENuU7MnQqgnYJ1Cl2l9RvNgDi4g==",
      "license": "MIT",
      "dependencies": {
        "vscode-jsonrpc": "^4.0.0",
        "vscode-languageserver-types": "3.14.0"
      }
    },
    "node_modules/vscode-languageserver-types": {
      "version": "3.14.0",
      "resolved": "https://registry.npmjs.org/vscode-languageserver-types/-/vscode-languageserver-types-3.14.0.tgz",
      "integrity": "sha512-lTmS6AlAlMHOvPQemVwo3CezxBp0sNB95KNPkqp3Nxd5VFEnuG1ByM0zlRWos0zjO3ZWtkvhal0COgiV1xIA4A==",
      "license": "MIT"
    },
    "node_modules/vscode-uri": {
      "version": "1.0.8",
      "resolved": "https://registry.npmjs.org/vscode-uri/-/vscode-uri-1.0.8.tgz",
      "integrity": "sha512-obtSWTlbJ+a+TFRYGaUumtVwb+InIUVI0Lu0VBUAPmj2cU5JutEXg3xUE0c2J5Tcy7h2DEKVJBFi+Y9ZSFzzPQ==",
      "license": "MIT"
    }
  }
}
